
Microsoft Visual Studio Solution File, Format Version 12.00
# Visual Studio Version 17
VisualStudioVersion = 17.4.33213.308
MinimumVisualStudioVersion = 10.0.40219.1
Project("{FAE04EC0-301F-11D3-BF4B-00C04F79EFBC}") = "учёбка1", "учёбка1\учёбка1.csproj", "{F04D7519-C53C-4CAF-A3E3-A2D8CEE607E2}"
EndProject
Global
	GlobalSection(SolutionConfigurationPlatforms) = preSolution
		Debug|Any CPU = Debug|Any CPU
		Release|Any CPU = Release|Any CPU
	EndGlobalSection
	GlobalSection(ProjectConfigurationPlatforms) = postSolution
		{F04D7519-C53C-4CAF-A3E3-A2D8CEE607E2}.Debug|Any CPU.ActiveCfg = Debug|Any CPU
		{F04D7519-C53C-4CAF-A3E3-A2D8CEE607E2}.Debug|Any CPU.Build.0 = Debug|Any CPU
		{F04D7519-C53C-4CAF-A3E3-A2D8CEE607E2}.Release|Any CPU.ActiveCfg = Release|Any CPU
		{F04D7519-C53C-4CAF-A3E3-A2D8CEE607E2}.Release|Any CPU.Build.0 = Release|Any CPU
	EndGlobalSection
	GlobalSection(SolutionProperties) = preSolution
		HideSolutionNode = FALSE
	EndGlobalSection
	GlobalSection(ExtensibilityGlobals) = postSolution
		SolutionGuid = {1B6EF20D-C225-448C-BB83-F5BECF4175F9}
	EndGlobalSection
EndGlobal
